
Microsoft Visual Studio Solution File, Format Version 12.00
# Visual Studio Version 16
VisualStudioVersion = 16.0.31702.278
MinimumVisualStudioVersion = 10.0.40219.1
Project("{9A19103F-16F7-4668-BE54-9A1E7A4F7556}") = "WorkSpace", "WorkSpace\WorkSpace.csproj", "{9BB9C1BB-6F9C-48C3-BF4D-02996FAE9959}"
EndProject
Project("{FAE04EC0-301F-11D3-BF4B-00C04F79EFBC}") = "Entities", "Entities\Entities.csproj", "{A44E0B96-D300-480F-804A-F65353F8D1B4}"
EndProject
Project("{FAE04EC0-301F-11D3-BF4B-00C04F79EFBC}") = "Business", "Business\Business.csproj", "{E1935EE1-58E8-4EE5-A230-BC5309F20074}"
EndProject
Global
	GlobalSection(SolutionConfigurationPlatforms) = preSolution
		Debug|Any CPU = Debug|Any CPU
		Release|Any CPU = Release|Any CPU
	EndGlobalSection
	GlobalSection(ProjectConfigurationPlatforms) = postSolution
		{9BB9C1BB-6F9C-48C3-BF4D-02996FAE9959}.Debug|Any CPU.ActiveCfg = Debug|Any CPU
		{9BB9C1BB-6F9C-48C3-BF4D-02996FAE9959}.Debug|Any CPU.Build.0 = Debug|Any CPU
		{9BB9C1BB-6F9C-48C3-BF4D-02996FAE9959}.Release|Any CPU.ActiveCfg = Release|Any CPU
		{9BB9C1BB-6F9C-48C3-BF4D-02996FAE9959}.Release|Any CPU.Build.0 = Release|Any CPU
		{A44E0B96-D300-480F-804A-F65353F8D1B4}.Debug|Any CPU.ActiveCfg = Debug|Any CPU
		{A44E0B96-D300-480F-804A-F65353F8D1B4}.Debug|Any CPU.Build.0 = Debug|Any CPU
		{A44E0B96-D300-480F-804A-F65353F8D1B4}.Release|Any CPU.ActiveCfg = Release|Any CPU
		{A44E0B96-D300-480F-804A-F65353F8D1B4}.Release|Any CPU.Build.0 = Release|Any CPU
		{E1935EE1-58E8-4EE5-A230-BC5309F20074}.Debug|Any CPU.ActiveCfg = Debug|Any CPU
		{E1935EE1-58E8-4EE5-A230-BC5309F20074}.Debug|Any CPU.Build.0 = Debug|Any CPU
		{E1935EE1-58E8-4EE5-A230-BC5309F20074}.Release|Any CPU.ActiveCfg = Release|Any CPU
		{E1935EE1-58E8-4EE5-A230-BC5309F20074}.Release|Any CPU.Build.0 = Release|Any CPU
	EndGlobalSection
	GlobalSection(SolutionProperties) = preSolution
		HideSolutionNode = FALSE
	EndGlobalSection
	GlobalSection(ExtensibilityGlobals) = postSolution
		SolutionGuid = {276E6D77-5E12-4040-ACFD-ECEE204980DC}
	EndGlobalSection
EndGlobal
